
Microsoft Visual Studio Solution File, Format Version 12.00
# Visual Studio Version 16
VisualStudioVersion = 16.0.29403.142
MinimumVisualStudioVersion = 10.0.40219.1
Project("{8BC9CEB8-8B4A-11D0-8D11-00A0C91BC942}") = "Worker", "Worker\Worker.vcxproj", "{849688B9-E6CB-4A74-8C58-1C232FCCE1E8}"
EndProject
Project("{8BC9CEB8-8B4A-11D0-8D11-00A0C91BC942}") = "Socket", "Socket\Socket.vcxproj", "{223B8A35-74E1-47E4-9BE7-1E05A378EE2B}"
EndProject
Project("{8BC9CEB8-8B4A-11D0-8D11-00A0C91BC942}") = "Utilities", "Utilities\Utilities.vcxproj", "{EC151BC3-A7B2-408B-AA1A-F3B6C31388E4}"
EndProject
Project("{8BC9CEB8-8B4A-11D0-8D11-00A0C91BC942}") = "BlockingQueue", "BlockingQueue\BlockingQueue.vcxproj", "{3DD954B1-1177-49C1-954C-F02F023E8D7E}"
EndProject
Project("{8BC9CEB8-8B4A-11D0-8D11-00A0C91BC942}") = "Server", "Server\Server.vcxproj", "{D3B58BDE-6EE5-47AC-91B6-B40BD8E29DE8}"
EndProject
Project("{FAE04EC0-301F-11D3-BF4B-00C04F79EFBC}") = "ClientX", "ClientX\ClientX.csproj", "{59783CFC-33EC-47C2-8D6B-4618A153FE59}"
EndProject
Project("{8BC9CEB8-8B4A-11D0-8D11-00A0C91BC942}") = "Translator", "Translator\Translator.vcxproj", "{FE20689D-6EE3-4E6B-9329-12A843E29E1F}"
EndProject
Project("{8BC9CEB8-8B4A-11D0-8D11-00A0C91BC942}") = "CommunicationFactory", "CommunicationFactory\CommunicationFactory.vcxproj", "{D77673C0-7812-4A94-9747-5B4B388D13B9}"
EndProject
Global
	GlobalSection(SolutionConfigurationPlatforms) = preSolution
		Debug|Any CPU = Debug|Any CPU
		Debug|x64 = Debug|x64
		Debug|x86 = Debug|x86
		Release|Any CPU = Release|Any CPU
		Release|x64 = Release|x64
		Release|x86 = Release|x86
	EndGlobalSection
	GlobalSection(ProjectConfigurationPlatforms) = postSolution
		{849688B9-E6CB-4A74-8C58-1C232FCCE1E8}.Debug|Any CPU.ActiveCfg = Debug|Win32
		{849688B9-E6CB-4A74-8C58-1C232FCCE1E8}.Debug|x64.ActiveCfg = Debug|x64
		{849688B9-E6CB-4A74-8C58-1C232FCCE1E8}.Debug|x64.Build.0 = Debug|x64
		{849688B9-E6CB-4A74-8C58-1C232FCCE1E8}.Debug|x86.ActiveCfg = Debug|Win32
		{849688B9-E6CB-4A74-8C58-1C232FCCE1E8}.Debug|x86.Build.0 = Debug|Win32
		{849688B9-E6CB-4A74-8C58-1C232FCCE1E8}.Release|Any CPU.ActiveCfg = Release|Win32
		{849688B9-E6CB-4A74-8C58-1C232FCCE1E8}.Release|x64.ActiveCfg = Release|x64
		{849688B9-E6CB-4A74-8C58-1C232FCCE1E8}.Release|x64.Build.0 = Release|x64
		{849688B9-E6CB-4A74-8C58-1C232FCCE1E8}.Release|x86.ActiveCfg = Release|Win32
		{849688B9-E6CB-4A74-8C58-1C232FCCE1E8}.Release|x86.Build.0 = Release|Win32
		{223B8A35-74E1-47E4-9BE7-1E05A378EE2B}.Debug|Any CPU.ActiveCfg = Debug|Win32
		{223B8A35-74E1-47E4-9BE7-1E05A378EE2B}.Debug|x64.ActiveCfg = Debug|x64
		{223B8A35-74E1-47E4-9BE7-1E05A378EE2B}.Debug|x64.Build.0 = Debug|x64
		{223B8A35-74E1-47E4-9BE7-1E05A378EE2B}.Debug|x86.ActiveCfg = Debug|Win32
		{223B8A35-74E1-47E4-9BE7-1E05A378EE2B}.Debug|x86.Build.0 = Debug|Win32
		{223B8A35-74E1-47E4-9BE7-1E05A378EE2B}.Release|Any CPU.ActiveCfg = Release|Win32
		{223B8A35-74E1-47E4-9BE7-1E05A378EE2B}.Release|x64.ActiveCfg = Release|x64
		{223B8A35-74E1-47E4-9BE7-1E05A378EE2B}.Release|x64.Build.0 = Release|x64
		{223B8A35-74E1-47E4-9BE7-1E05A378EE2B}.Release|x86.ActiveCfg = Release|Win32
		{223B8A35-74E1-47E4-9BE7-1E05A378EE2B}.Release|x86.Build.0 = Release|Win32
		{EC151BC3-A7B2-408B-AA1A-F3B6C31388E4}.Debug|Any CPU.ActiveCfg = Debug|Win32
		{EC151BC3-A7B2-408B-AA1A-F3B6C31388E4}.Debug|x64.ActiveCfg = Debug|x64
		{EC151BC3-A7B2-408B-AA1A-F3B6C31388E4}.Debug|x64.Build.0 = Debug|x64
		{EC151BC3-A7B2-408B-AA1A-F3B6C31388E4}.Debug|x86.ActiveCfg = Debug|Win32
		{EC151BC3-A7B2-408B-AA1A-F3B6C31388E4}.Debug|x86.Build.0 = Debug|Win32
		{EC151BC3-A7B2-408B-AA1A-F3B6C31388E4}.Release|Any CPU.ActiveCfg = Release|Win32
		{EC151BC3-A7B2-408B-AA1A-F3B6C31388E4}.Release|x64.ActiveCfg = Release|x64
		{EC151BC3-A7B2-408B-AA1A-F3B6C31388E4}.Release|x64.Build.0 = Release|x64
		{EC151BC3-A7B2-408B-AA1A-F3B6C31388E4}.Release|x86.ActiveCfg = Release|Win32
		{EC151BC3-A7B2-408B-AA1A-F3B6C31388E4}.Release|x86.Build.0 = Release|Win32
		{3DD954B1-1177-49C1-954C-F02F023E8D7E}.Debug|Any CPU.ActiveCfg = Debug|Win32
		{3DD954B1-1177-49C1-954C-F02F023E8D7E}.Debug|x64.ActiveCfg = Debug|x64
		{3DD954B1-1177-49C1-954C-F02F023E8D7E}.Debug|x64.Build.0 = Debug|x64
		{3DD954B1-1177-49C1-954C-F02F023E8D7E}.Debug|x86.ActiveCfg = Debug|Win32
		{3DD954B1-1177-49C1-954C-F02F023E8D7E}.Debug|x86.Build.0 = Debug|Win32
		{3DD954B1-1177-49C1-954C-F02F023E8D7E}.Release|Any CPU.ActiveCfg = Release|Win32
		{3DD954B1-1177-49C1-954C-F02F023E8D7E}.Release|x64.ActiveCfg = Release|x64
		{3DD954B1-1177-49C1-954C-F02F023E8D7E}.Release|x64.Build.0 = Release|x64
		{3DD954B1-1177-49C1-954C-F02F023E8D7E}.Release|x86.ActiveCfg = Release|Win32
		{3DD954B1-1177-49C1-954C-F02F023E8D7E}.Release|x86.Build.0 = Release|Win32
		{D3B58BDE-6EE5-47AC-91B6-B40BD8E29DE8}.Debug|Any CPU.ActiveCfg = Debug|Win32
		{D3B58BDE-6EE5-47AC-91B6-B40BD8E29DE8}.Debug|x64.ActiveCfg = Debug|x64
		{D3B58BDE-6EE5-47AC-91B6-B40BD8E29DE8}.Debug|x64.Build.0 = Debug|x64
		{D3B58BDE-6EE5-47AC-91B6-B40BD8E29DE8}.Debug|x86.ActiveCfg = Debug|Win32
		{D3B58BDE-6EE5-47AC-91B6-B40BD8E29DE8}.Debug|x86.Build.0 = Debug|Win32
		{D3B58BDE-6EE5-47AC-91B6-B40BD8E29DE8}.Release|Any CPU.ActiveCfg = Release|Win32
		{D3B58BDE-6EE5-47AC-91B6-B40BD8E29DE8}.Release|x64.ActiveCfg = Release|x64
		{D3B58BDE-6EE5-47AC-91B6-B40BD8E29DE8}.Release|x64.Build.0 = Release|x64
		{D3B58BDE-6EE5-47AC-91B6-B40BD8E29DE8}.Release|x86.ActiveCfg = Release|Win32
		{D3B58BDE-6EE5-47AC-91B6-B40BD8E29DE8}.Release|x86.Build.0 = Release|Win32
		{59783CFC-33EC-47C2-8D6B-4618A153FE59}.Debug|Any CPU.ActiveCfg = Debug|Any CPU
		{59783CFC-33EC-47C2-8D6B-4618A153FE59}.Debug|Any CPU.Build.0 = Debug|Any CPU
		{59783CFC-33EC-47C2-8D6B-4618A153FE59}.Debug|x64.ActiveCfg = Debug|Any CPU
		{59783CFC-33EC-47C2-8D6B-4618A153FE59}.Debug|x64.Build.0 = Debug|Any CPU
		{59783CFC-33EC-47C2-8D6B-4618A153FE59}.Debug|x86.ActiveCfg = Debug|Any CPU
		{59783CFC-33EC-47C2-8D6B-4618A153FE59}.Debug|x86.Build.0 = Debug|Any CPU
		{59783CFC-33EC-47C2-8D6B-4618A153FE59}.Release|Any CPU.ActiveCfg = Release|Any CPU
		{59783CFC-33EC-47C2-8D6B-4618A153FE59}.Release|Any CPU.Build.0 = Release|Any CPU
		{59783CFC-33EC-47C2-8D6B-4618A153FE59}.Release|x64.ActiveCfg = Release|Any CPU
		{59783CFC-33EC-47C2-8D6B-4618A153FE59}.Release|x64.Build.0 = Release|Any CPU
		{59783CFC-33EC-47C2-8D6B-4618A153FE59}.Release|x86.ActiveCfg = Release|Any CPU
		{59783CFC-33EC-47C2-8D6B-4618A153FE59}.Release|x86.Build.0 = Release|Any CPU
		{FE20689D-6EE3-4E6B-9329-12A843E29E1F}.Debug|Any CPU.ActiveCfg = Debug|Win32
		{FE20689D-6EE3-4E6B-9329-12A843E29E1F}.Debug|x64.ActiveCfg = Debug|x64
		{FE20689D-6EE3-4E6B-9329-12A843E29E1F}.Debug|x64.Build.0 = Debug|x64
		{FE20689D-6EE3-4E6B-9329-12A843E29E1F}.Debug|x86.ActiveCfg = Debug|Win32
		{FE20689D-6EE3-4E6B-9329-12A843E29E1F}.Debug|x86.Build.0 = Debug|Win32
		{FE20689D-6EE3-4E6B-9329-12A843E29E1F}.Release|Any CPU.ActiveCfg = Release|Win32
		{FE20689D-6EE3-4E6B-9329-12A843E29E1F}.Release|x64.ActiveCfg = Release|x64
		{FE20689D-6EE3-4E6B-9329-12A843E29E1F}.Release|x64.Build.0 = Release|x64
		{FE20689D-6EE3-4E6B-9329-12A843E29E1F}.Release|x86.ActiveCfg = Release|Win32
		{FE20689D-6EE3-4E6B-9329-12A843E29E1F}.Release|x86.Build.0 = Release|Win32
		{D77673C0-7812-4A94-9747-5B4B388D13B9}.Debug|Any CPU.ActiveCfg = Debug|Win32
		{D77673C0-7812-4A94-9747-5B4B388D13B9}.Debug|x64.ActiveCfg = Debug|x64
		{D77673C0-7812-4A94-9747-5B4B388D13B9}.Debug|x64.Build.0 = Debug|x64
		{D77673C0-7812-4A94-9747-5B4B388D13B9}.Debug|x86.ActiveCfg = Debug|Win32
		{D77673C0-7812-4A94-9747-5B4B388D13B9}.Debug|x86.Build.0 = Debug|Win32
		{D77673C0-7812-4A94-9747-5B4B388D13B9}.Release|Any CPU.ActiveCfg = Release|Win32
		{D77673C0-7812-4A94-9747-5B4B388D13B9}.Release|x64.ActiveCfg = Release|x64
		{D77673C0-7812-4A94-9747-5B4B388D13B9}.Release|x64.Build.0 = Release|x64
		{D77673C0-7812-4A94-9747-5B4B388D13B9}.Release|x86.ActiveCfg = Release|Win32
		{D77673C0-7812-4A94-9747-5B4B388D13B9}.Release|x86.Build.0 = Release|Win32
	EndGlobalSection
	GlobalSection(SolutionProperties) = preSolution
		HideSolutionNode = FALSE
	EndGlobalSection
	GlobalSection(ExtensibilityGlobals) = postSolution
		SolutionGuid = {0B00996A-F8E1-4809-B24A-C467E7B60735}
	EndGlobalSection
EndGlobal
