
Microsoft Visual Studio Solution File, Format Version 12.00
# Visual Studio Version 16
VisualStudioVersion = 16.0.29403.142
MinimumVisualStudioVersion = 10.0.40219.1
Project("{8BC9CEB8-8B4A-11D0-8D11-00A0C91BC942}") = "TestHarness", "TestHarness.vcxproj", "{1B85F6A7-62BA-4935-8849-7F81DEC863B7}"
	ProjectSection(ProjectDependencies) = postProject
		{B8EDA203-7440-44DB-B981-507A45FFFD05} = {B8EDA203-7440-44DB-B981-507A45FFFD05}
		{E3A7A444-FCA0-450A-BE3D-93E81A34A33B} = {E3A7A444-FCA0-450A-BE3D-93E81A34A33B}
		{E91F4EA1-0301-48DD-853F-DBA7DC2FE13A} = {E91F4EA1-0301-48DD-853F-DBA7DC2FE13A}
		{3741B1B5-2BBC-48C3-A61C-C468C2A54FA3} = {3741B1B5-2BBC-48C3-A61C-C468C2A54FA3}
		{3433B0BA-0515-4302-BC30-5624C2554B7E} = {3433B0BA-0515-4302-BC30-5624C2554B7E}
	EndProjectSection
EndProject
Project("{8BC9CEB8-8B4A-11D0-8D11-00A0C91BC942}") = "MathLibrary", "..\MathLibrary\MathLibrary.vcxproj", "{E3A7A444-FCA0-450A-BE3D-93E81A34A33B}"
EndProject
Project("{8BC9CEB8-8B4A-11D0-8D11-00A0C91BC942}") = "ArithmeticTestLibrary", "..\ArithmeticTestLibrary\ArithmeticTestLibrary.vcxproj", "{B8EDA203-7440-44DB-B981-507A45FFFD05}"
EndProject
Project("{8BC9CEB8-8B4A-11D0-8D11-00A0C91BC942}") = "TestInterface", "..\TestInterface\TestInterface.vcxproj", "{3433B0BA-0515-4302-BC30-5624C2554B7E}"
EndProject
Project("{8BC9CEB8-8B4A-11D0-8D11-00A0C91BC942}") = "CarParts", "..\CarParts\CarParts.vcxproj", "{E91F4EA1-0301-48DD-853F-DBA7DC2FE13A}"
EndProject
Project("{8BC9CEB8-8B4A-11D0-8D11-00A0C91BC942}") = "ShapesAndSides", "..\ShapesAndSides\ShapesAndSides.vcxproj", "{3741B1B5-2BBC-48C3-A61C-C468C2A54FA3}"
EndProject
Global
	GlobalSection(SolutionConfigurationPlatforms) = preSolution
		Debug|x64 = Debug|x64
		Debug|x86 = Debug|x86
		Release|x64 = Release|x64
		Release|x86 = Release|x86
	EndGlobalSection
	GlobalSection(ProjectConfigurationPlatforms) = postSolution
		{1B85F6A7-62BA-4935-8849-7F81DEC863B7}.Debug|x64.ActiveCfg = Debug|x64
		{1B85F6A7-62BA-4935-8849-7F81DEC863B7}.Debug|x64.Build.0 = Debug|x64
		{1B85F6A7-62BA-4935-8849-7F81DEC863B7}.Debug|x86.ActiveCfg = Debug|Win32
		{1B85F6A7-62BA-4935-8849-7F81DEC863B7}.Debug|x86.Build.0 = Debug|Win32
		{1B85F6A7-62BA-4935-8849-7F81DEC863B7}.Release|x64.ActiveCfg = Release|x64
		{1B85F6A7-62BA-4935-8849-7F81DEC863B7}.Release|x64.Build.0 = Release|x64
		{1B85F6A7-62BA-4935-8849-7F81DEC863B7}.Release|x86.ActiveCfg = Release|Win32
		{1B85F6A7-62BA-4935-8849-7F81DEC863B7}.Release|x86.Build.0 = Release|Win32
		{E3A7A444-FCA0-450A-BE3D-93E81A34A33B}.Debug|x64.ActiveCfg = Debug|x64
		{E3A7A444-FCA0-450A-BE3D-93E81A34A33B}.Debug|x64.Build.0 = Debug|x64
		{E3A7A444-FCA0-450A-BE3D-93E81A34A33B}.Debug|x86.ActiveCfg = Debug|Win32
		{E3A7A444-FCA0-450A-BE3D-93E81A34A33B}.Debug|x86.Build.0 = Debug|Win32
		{E3A7A444-FCA0-450A-BE3D-93E81A34A33B}.Release|x64.ActiveCfg = Release|x64
		{E3A7A444-FCA0-450A-BE3D-93E81A34A33B}.Release|x64.Build.0 = Release|x64
		{E3A7A444-FCA0-450A-BE3D-93E81A34A33B}.Release|x86.ActiveCfg = Release|Win32
		{E3A7A444-FCA0-450A-BE3D-93E81A34A33B}.Release|x86.Build.0 = Release|Win32
		{B8EDA203-7440-44DB-B981-507A45FFFD05}.Debug|x64.ActiveCfg = Debug|x64
		{B8EDA203-7440-44DB-B981-507A45FFFD05}.Debug|x64.Build.0 = Debug|x64
		{B8EDA203-7440-44DB-B981-507A45FFFD05}.Debug|x86.ActiveCfg = Debug|Win32
		{B8EDA203-7440-44DB-B981-507A45FFFD05}.Debug|x86.Build.0 = Debug|Win32
		{B8EDA203-7440-44DB-B981-507A45FFFD05}.Release|x64.ActiveCfg = Release|x64
		{B8EDA203-7440-44DB-B981-507A45FFFD05}.Release|x64.Build.0 = Release|x64
		{B8EDA203-7440-44DB-B981-507A45FFFD05}.Release|x86.ActiveCfg = Release|Win32
		{B8EDA203-7440-44DB-B981-507A45FFFD05}.Release|x86.Build.0 = Release|Win32
		{3433B0BA-0515-4302-BC30-5624C2554B7E}.Debug|x64.ActiveCfg = Debug|x64
		{3433B0BA-0515-4302-BC30-5624C2554B7E}.Debug|x64.Build.0 = Debug|x64
		{3433B0BA-0515-4302-BC30-5624C2554B7E}.Debug|x86.ActiveCfg = Debug|Win32
		{3433B0BA-0515-4302-BC30-5624C2554B7E}.Debug|x86.Build.0 = Debug|Win32
		{3433B0BA-0515-4302-BC30-5624C2554B7E}.Release|x64.ActiveCfg = Release|x64
		{3433B0BA-0515-4302-BC30-5624C2554B7E}.Release|x64.Build.0 = Release|x64
		{3433B0BA-0515-4302-BC30-5624C2554B7E}.Release|x86.ActiveCfg = Release|Win32
		{3433B0BA-0515-4302-BC30-5624C2554B7E}.Release|x86.Build.0 = Release|Win32
		{E91F4EA1-0301-48DD-853F-DBA7DC2FE13A}.Debug|x64.ActiveCfg = Debug|x64
		{E91F4EA1-0301-48DD-853F-DBA7DC2FE13A}.Debug|x64.Build.0 = Debug|x64
		{E91F4EA1-0301-48DD-853F-DBA7DC2FE13A}.Debug|x86.ActiveCfg = Debug|Win32
		{E91F4EA1-0301-48DD-853F-DBA7DC2FE13A}.Debug|x86.Build.0 = Debug|Win32
		{E91F4EA1-0301-48DD-853F-DBA7DC2FE13A}.Release|x64.ActiveCfg = Release|x64
		{E91F4EA1-0301-48DD-853F-DBA7DC2FE13A}.Release|x64.Build.0 = Release|x64
		{E91F4EA1-0301-48DD-853F-DBA7DC2FE13A}.Release|x86.ActiveCfg = Release|Win32
		{E91F4EA1-0301-48DD-853F-DBA7DC2FE13A}.Release|x86.Build.0 = Release|Win32
		{3741B1B5-2BBC-48C3-A61C-C468C2A54FA3}.Debug|x64.ActiveCfg = Debug|x64
		{3741B1B5-2BBC-48C3-A61C-C468C2A54FA3}.Debug|x64.Build.0 = Debug|x64
		{3741B1B5-2BBC-48C3-A61C-C468C2A54FA3}.Debug|x86.ActiveCfg = Debug|Win32
		{3741B1B5-2BBC-48C3-A61C-C468C2A54FA3}.Debug|x86.Build.0 = Debug|Win32
		{3741B1B5-2BBC-48C3-A61C-C468C2A54FA3}.Release|x64.ActiveCfg = Release|x64
		{3741B1B5-2BBC-48C3-A61C-C468C2A54FA3}.Release|x64.Build.0 = Release|x64
		{3741B1B5-2BBC-48C3-A61C-C468C2A54FA3}.Release|x86.ActiveCfg = Release|Win32
		{3741B1B5-2BBC-48C3-A61C-C468C2A54FA3}.Release|x86.Build.0 = Release|Win32
	EndGlobalSection
	GlobalSection(SolutionProperties) = preSolution
		HideSolutionNode = FALSE
	EndGlobalSection
	GlobalSection(ExtensibilityGlobals) = postSolution
		SolutionGuid = {40D61218-E40A-4D73-BEF4-4F15AF799526}
	EndGlobalSection
EndGlobal
